// !$*UTF8*$!
{
	archiveVersion = 1;
	classes = {
	};
	objectVersion = 50;
	objects = {

/* Begin PBXBuildFile section */
		0CB0288C239F401800E36E41 /* AppDelegate.swift in Sources */ = {isa = PBXBuildFile; fileRef = 0CB0288B239F401800E36E41 /* AppDelegate.swift */; };
		0CB0288E239F401800E36E41 /* SceneDelegate.swift in Sources */ = {isa = PBXBuildFile; fileRef = 0CB0288D239F401800E36E41 /* SceneDelegate.swift */; };
		0CB02890239F401800E36E41 /* ViewController.swift in Sources */ = {isa = PBXBuildFile; fileRef = 0CB0288F239F401800E36E41 /* ViewController.swift */; };
		0CB02893239F401800E36E41 /* Main.storyboard in Resources */ = {isa = PBXBuildFile; fileRef = 0CB02891239F401800E36E41 /* Main.storyboard */; };
		0CB02895239F401D00E36E41 /* Assets.xcassets in Resources */ = {isa = PBXBuildFile; fileRef = 0CB02894239F401D00E36E41 /* Assets.xcassets */; };
		0CB02898239F401D00E36E41 /* LaunchScreen.storyboard in Resources */ = {isa = PBXBuildFile; fileRef = 0CB02896239F401D00E36E41 /* LaunchScreen.storyboard */; };
		0CB028A0239F437500E36E41 /* countryData.json in Resources */ = {isa = PBXBuildFile; fileRef = 0CB0289F239F437500E36E41 /* countryData.json */; };
		0CB028A2239F444D00E36E41 /* Bundle + Extensions.swift in Sources */ = {isa = PBXBuildFile; fileRef = 0CB028A1239F444D00E36E41 /* Bundle + Extensions.swift */; };
		0CB028A5239F459500E36E41 /* CountryData.swift in Sources */ = {isa = PBXBuildFile; fileRef = 0CB028A4239F459500E36E41 /* CountryData.swift */; };
		0CB028A7239F492300E36E41 /* exchangeRateData.json in Resources */ = {isa = PBXBuildFile; fileRef = 0CB028A6239F492300E36E41 /* exchangeRateData.json */; };
		0CBAC7B423A18B6B00B705B9 /* NetworkHelper.swift in Sources */ = {isa = PBXBuildFile; fileRef = 0CBAC7B323A18B6B00B705B9 /* NetworkHelper.swift */; };
		0CBAC7B623A18DDC00B705B9 /* AppError.swift in Sources */ = {isa = PBXBuildFile; fileRef = 0CBAC7B523A18DDC00B705B9 /* AppError.swift */; };
		0CBAC7B823A192C200B705B9 /* CountryCell.swift in Sources */ = {isa = PBXBuildFile; fileRef = 0CBAC7B723A192C200B705B9 /* CountryCell.swift */; };
		0CBAC7C423A2D2F100B705B9 /* DetailViewController.swift in Sources */ = {isa = PBXBuildFile; fileRef = 0CBAC7C323A2D2F100B705B9 /* DetailViewController.swift */; };
/* End PBXBuildFile section */

/* Begin PBXFileReference section */
		0CB02888239F401800E36E41 /* ConcurrencyLab.app */ = {isa = PBXFileReference; explicitFileType = wrapper.application; includeInIndex = 0; path = ConcurrencyLab.app; sourceTree = BUILT_PRODUCTS_DIR; };
		0CB0288B239F401800E36E41 /* AppDelegate.swift */ = {isa = PBXFileReference; lastKnownFileType = sourcecode.swift; path = AppDelegate.swift; sourceTree = "<group>"; };
		0CB0288D239F401800E36E41 /* SceneDelegate.swift */ = {isa = PBXFileReference; lastKnownFileType = sourcecode.swift; path = SceneDelegate.swift; sourceTree = "<group>"; };
		0CB0288F239F401800E36E41 /* ViewController.swift */ = {isa = PBXFileReference; lastKnownFileType = sourcecode.swift; path = ViewController.swift; sourceTree = "<group>"; };
		0CB02892239F401800E36E41 /* Base */ = {isa = PBXFileReference; lastKnownFileType = file.storyboard; name = Base; path = Base.lproj/Main.storyboard; sourceTree = "<group>"; };
		0CB02894239F401D00E36E41 /* Assets.xcassets */ = {isa = PBXFileReference; lastKnownFileType = folder.assetcatalog; path = Assets.xcassets; sourceTree = "<group>"; };
		0CB02897239F401D00E36E41 /* Base */ = {isa = PBXFileReference; lastKnownFileType = file.storyboard; name = Base; path = Base.lproj/LaunchScreen.storyboard; sourceTree = "<group>"; };
		0CB02899239F401D00E36E41 /* Info.plist */ = {isa = PBXFileReference; lastKnownFileType = text.plist.xml; path = Info.plist; sourceTree = "<group>"; };
		0CB0289F239F437500E36E41 /* countryData.json */ = {isa = PBXFileReference; lastKnownFileType = text.json; path = countryData.json; sourceTree = "<group>"; };
		0CB028A1239F444D00E36E41 /* Bundle + Extensions.swift */ = {isa = PBXFileReference; lastKnownFileType = sourcecode.swift; path = "Bundle + Extensions.swift"; sourceTree = "<group>"; };
		0CB028A4239F459500E36E41 /* CountryData.swift */ = {isa = PBXFileReference; lastKnownFileType = sourcecode.swift; path = CountryData.swift; sourceTree = "<group>"; };
		0CB028A6239F492300E36E41 /* exchangeRateData.json */ = {isa = PBXFileReference; lastKnownFileType = text.json; path = exchangeRateData.json; sourceTree = "<group>"; };
		0CBAC7B323A18B6B00B705B9 /* NetworkHelper.swift */ = {isa = PBXFileReference; lastKnownFileType = sourcecode.swift; path = NetworkHelper.swift; sourceTree = "<group>"; };
		0CBAC7B523A18DDC00B705B9 /* AppError.swift */ = {isa = PBXFileReference; lastKnownFileType = sourcecode.swift; path = AppError.swift; sourceTree = "<group>"; };
		0CBAC7B723A192C200B705B9 /* CountryCell.swift */ = {isa = PBXFileReference; lastKnownFileType = sourcecode.swift; path = CountryCell.swift; sourceTree = "<group>"; };
		0CBAC7C323A2D2F100B705B9 /* DetailViewController.swift */ = {isa = PBXFileReference; lastKnownFileType = sourcecode.swift; path = DetailViewController.swift; sourceTree = "<group>"; };
/* End PBXFileReference section */

/* Begin PBXFrameworksBuildPhase section */
		0CB02885239F401800E36E41 /* Frameworks */ = {
			isa = PBXFrameworksBuildPhase;
			buildActionMask = 2147483647;
			files = (
			);
			runOnlyForDeploymentPostprocessing = 0;
		};
/* End PBXFrameworksBuildPhase section */

/* Begin PBXGroup section */
		0CB0287F239F401800E36E41 = {
			isa = PBXGroup;
			children = (
				0CB028A6239F492300E36E41 /* exchangeRateData.json */,
				0CB0289F239F437500E36E41 /* countryData.json */,
				0CB0288A239F401800E36E41 /* ConcurrencyLab */,
				0CB02889239F401800E36E41 /* Products */,
			);
			sourceTree = "<group>";
		};
		0CB02889239F401800E36E41 /* Products */ = {
			isa = PBXGroup;
			children = (
				0CB02888239F401800E36E41 /* ConcurrencyLab.app */,
			);
			name = Products;
			sourceTree = "<group>";
		};
		0CB0288A239F401800E36E41 /* ConcurrencyLab */ = {
			isa = PBXGroup;
			children = (
				0CB0288B239F401800E36E41 /* AppDelegate.swift */,
				0CB0288D239F401800E36E41 /* SceneDelegate.swift */,
				0CBAC7B523A18DDC00B705B9 /* AppError.swift */,
				0CB028A4239F459500E36E41 /* CountryData.swift */,
				0CBAC7B723A192C200B705B9 /* CountryCell.swift */,
				0CBAC7B323A18B6B00B705B9 /* NetworkHelper.swift */,
				0CB028A1239F444D00E36E41 /* Bundle + Extensions.swift */,
				0CB0288F239F401800E36E41 /* ViewController.swift */,
				0CBAC7C323A2D2F100B705B9 /* DetailViewController.swift */,
				0CB02891239F401800E36E41 /* Main.storyboard */,
				0CB02894239F401D00E36E41 /* Assets.xcassets */,
				0CB02896239F401D00E36E41 /* LaunchScreen.storyboard */,
				0CB02899239F401D00E36E41 /* Info.plist */,
			);
			path = ConcurrencyLab;
			sourceTree = "<group>";
		};
/* End PBXGroup section */

/* Begin PBXNativeTarget section */
		0CB02887239F401800E36E41 /* ConcurrencyLab */ = {
			isa = PBXNativeTarget;
			buildConfigurationList = 0CB0289C239F401D00E36E41 /* Build configuration list for PBXNativeTarget "ConcurrencyLab" */;
			buildPhases = (
				0CB02884239F401800E36E41 /* Sources */,
				0CB02885239F401800E36E41 /* Frameworks */,
				0CB02886239F401800E36E41 /* Resources */,
			);
			buildRules = (
			);
			dependencies = (
			);
			name = ConcurrencyLab;
			productName = ConcurrencyLab;
			productReference = 0CB02888239F401800E36E41 /* ConcurrencyLab.app */;
			productType = "com.apple.product-type.application";
		};
/* End PBXNativeTarget section */

/* Begin PBXProject section */
		0CB02880239F401800E36E41 /* Project object */ = {
			isa = PBXProject;
			attributes = {
				LastSwiftUpdateCheck = 1120;
				LastUpgradeCheck = 1120;
				ORGANIZATIONNAME = "Matthew Ramos";
				TargetAttributes = {
					0CB02887239F401800E36E41 = {
						CreatedOnToolsVersion = 11.2.1;
					};
				};
			};
			buildConfigurationList = 0CB02883239F401800E36E41 /* Build configuration list for PBXProject "ConcurrencyLab" */;
			compatibilityVersion = "Xcode 9.3";
			developmentRegion = en;
			hasScannedForEncodings = 0;
			knownRegions = (
				en,
				Base,
			);
			mainGroup = 0CB0287F239F401800E36E41;
			productRefGroup = 0CB02889239F401800E36E41 /* Products */;
			projectDirPath = "";
			projectRoot = "";
			targets = (
				0CB02887239F401800E36E41 /* ConcurrencyLab */,
			);
		};
/* End PBXProject section */

/* Begin PBXResourcesBuildPhase section */
		0CB02886239F401800E36E41 /* Resources */ = {
			isa = PBXResourcesBuildPhase;
			buildActionMask = 2147483647;
			files = (
				0CB02898239F401D00E36E41 /* LaunchScreen.storyboard in Resources */,
				0CB02895239F401D00E36E41 /* Assets.xcassets in Resources */,
				0CB028A7239F492300E36E41 /* exchangeRateData.json in Resources */,
				0CB028A0239F437500E36E41 /* countryData.json in Resources */,
				0CB02893239F401800E36E41 /* Main.storyboard in Resources */,
			);
			runOnlyForDeploymentPostprocessing = 0;
		};
/* End PBXResourcesBuildPhase section */

/* Begin PBXSourcesBuildPhase section */
		0CB02884239F401800E36E41 /* Sources */ = {
			isa = PBXSourcesBuildPhase;
			buildActionMask = 2147483647;
			files = (
				0CBAC7C423A2D2F100B705B9 /* DetailViewController.swift in Sources */,
				0CBAC7B823A192C200B705B9 /* CountryCell.swift in Sources */,
				0CB02890239F401800E36E41 /* ViewController.swift in Sources */,
				0CB028A5239F459500E36E41 /* CountryData.swift in Sources */,
				0CB028A2239F444D00E36E41 /* Bundle + Extensions.swift in Sources */,
				0CB0288C239F401800E36E41 /* AppDelegate.swift in Sources */,
				0CBAC7B423A18B6B00B705B9 /* NetworkHelper.swift in Sources */,
				0CB0288E239F401800E36E41 /* SceneDelegate.swift in Sources */,
				0CBAC7B623A18DDC00B705B9 /* AppError.swift in Sources */,
			);
			runOnlyForDeploymentPostprocessing = 0;
		};
/* End PBXSourcesBuildPhase section */

/* Begin PBXVariantGroup section */
		0CB02891239F401800E36E41 /* Main.storyboard */ = {
			isa = PBXVariantGroup;
			children = (
				0CB02892239F401800E36E41 /* Base */,
			);
			name = Main.storyboard;
			sourceTree = "<group>";
		};
		0CB02896239F401D00E36E41 /* LaunchScreen.storyboard */ = {
			isa = PBXVariantGroup;
			children = (
				0CB02897239F401D00E36E41 /* Base */,
			);
			name = LaunchScreen.storyboard;
			sourceTree = "<group>";
		};
/* End PBXVariantGroup section */

/* Begin XCBuildConfiguration section */
		0CB0289A239F401D00E36E41 /* Debug */ = {
			isa = XCBuildConfiguration;
			buildSettings = {
				ALWAYS_SEARCH_USER_PATHS = NO;
				CLANG_ANALYZER_NONNULL = YES;
				CLANG_ANALYZER_NUMBER_OBJECT_CONVERSION = YES_AGGRESSIVE;
				CLANG_CXX_LANGUAGE_STANDARD = "gnu++14";
				CLANG_CXX_LIBRARY = "libc++";
				CLANG_ENABLE_MODULES = YES;
				CLANG_ENABLE_OBJC_ARC = YES;
				CLANG_ENABLE_OBJC_WEAK = YES;
				CLANG_WARN_BLOCK_CAPTURE_AUTORELEASING = YES;
				CLANG_WARN_BOOL_CONVERSION = YES;
				CLANG_WARN_COMMA = YES;
				CLANG_WARN_CONSTANT_CONVERSION = YES;
				CLANG_WARN_DEPRECATED_OBJC_IMPLEMENTATIONS = YES;
				CLANG_WARN_DIRECT_OBJC_ISA_USAGE = YES_ERROR;
				CLANG_WARN_DOCUMENTATION_COMMENTS = YES;
				CLANG_WARN_EMPTY_BODY = YES;
				CLANG_WARN_ENUM_CONVERSION = YES;
				CLANG_WARN_INFINITE_RECURSION = YES;
				CLANG_WARN_INT_CONVERSION = YES;
				CLANG_WARN_NON_LITERAL_NULL_CONVERSION = YES;
				CLANG_WARN_OBJC_IMPLICIT_RETAIN_SELF = YES;
				CLANG_WARN_OBJC_LITERAL_CONVERSION = YES;
				CLANG_WARN_OBJC_ROOT_CLASS = YES_ERROR;
				CLANG_WARN_RANGE_LOOP_ANALYSIS = YES;
				CLANG_WARN_STRICT_PROTOTYPES = YES;
				CLANG_WARN_SUSPICIOUS_MOVE = YES;
				CLANG_WARN_UNGUARDED_AVAILABILITY = YES_AGGRESSIVE;
				CLANG_WARN_UNREACHABLE_CODE = YES;
				CLANG_WARN__DUPLICATE_METHOD_MATCH = YES;
				COPY_PHASE_STRIP = NO;
				DEBUG_INFORMATION_FORMAT = dwarf;
				ENABLE_STRICT_OBJC_MSGSEND = YES;
				ENABLE_TESTABILITY = YES;
				GCC_C_LANGUAGE_STANDARD = gnu11;
				GCC_DYNAMIC_NO_PIC = NO;
				GCC_NO_COMMON_BLOCKS = YES;
				GCC_OPTIMIZATION_LEVEL = 0;
				GCC_PREPROCESSOR_DEFINITIONS = (
					"DEBUG=1",
					"$(inherited)",
				);
				GCC_WARN_64_TO_32_BIT_CONVERSION = YES;
				GCC_WARN_ABOUT_RETURN_TYPE = YES_ERROR;
				GCC_WARN_UNDECLARED_SELECTOR = YES;
				GCC_WARN_UNINITIALIZED_AUTOS = YES_AGGRESSIVE;
				GCC_WARN_UNUSED_FUNCTION = YES;
				GCC_WARN_UNUSED_VARIABLE = YES;
				IPHONEOS_DEPLOYMENT_TARGET = 13.2;
				MTL_ENABLE_DEBUG_INFO = INCLUDE_SOURCE;
				MTL_FAST_MATH = YES;
				ONLY_ACTIVE_ARCH = YES;
				SDKROOT = iphoneos;
				SWIFT_ACTIVE_COMPILATION_CONDITIONS = DEBUG;
				SWIFT_OPTIMIZATION_LEVEL = "-Onone";
			};
			name = Debug;
		};
		0CB0289B239F401D00E36E41 /* Release */ = {
			isa = XCBuildConfiguration;
			buildSettings = {
				ALWAYS_SEARCH_USER_PATHS = NO;
				CLANG_ANALYZER_NONNULL = YES;
				CLANG_ANALYZER_NUMBER_OBJECT_CONVERSION = YES_AGGRESSIVE;
				CLANG_CXX_LANGUAGE_STANDARD = "gnu++14";
				CLANG_CXX_LIBRARY = "libc++";
				CLANG_ENABLE_MODULES = YES;
				CLANG_ENABLE_OBJC_ARC = YES;
				CLANG_ENABLE_OBJC_WEAK = YES;
				CLANG_WARN_BLOCK_CAPTURE_AUTORELEASING = YES;
				CLANG_WARN_BOOL_CONVERSION = YES;
				CLANG_WARN_COMMA = YES;
				CLANG_WARN_CONSTANT_CONVERSION = YES;
				CLANG_WARN_DEPRECATED_OBJC_IMPLEMENTATIONS = YES;
				CLANG_WARN_DIRECT_OBJC_ISA_USAGE = YES_ERROR;
				CLANG_WARN_DOCUMENTATION_COMMENTS = YES;
				CLANG_WARN_EMPTY_BODY = YES;
				CLANG_WARN_ENUM_CONVERSION = YES;
				CLANG_WARN_INFINITE_RECURSION = YES;
				CLANG_WARN_INT_CONVERSION = YES;
				CLANG_WARN_NON_LITERAL_NULL_CONVERSION = YES;
				CLANG_WARN_OBJC_IMPLICIT_RETAIN_SELF = YES;
				CLANG_WARN_OBJC_LITERAL_CONVERSION = YES;
				CLANG_WARN_OBJC_ROOT_CLASS = YES_ERROR;
				CLANG_WARN_RANGE_LOOP_ANALYSIS = YES;
				CLANG_WARN_STRICT_PROTOTYPES = YES;
				CLANG_WARN_SUSPICIOUS_MOVE = YES;
				CLANG_WARN_UNGUARDED_AVAILABILITY = YES_AGGRESSIVE;
				CLANG_WARN_UNREACHABLE_CODE = YES;
				CLANG_WARN__DUPLICATE_METHOD_MATCH = YES;
				COPY_PHASE_STRIP = NO;
				DEBUG_INFORMATION_FORMAT = "dwarf-with-dsym";
				ENABLE_NS_ASSERTIONS = NO;
				ENABLE_STRICT_OBJC_MSGSEND = YES;
				GCC_C_LANGUAGE_STANDARD = gnu11;
				GCC_NO_COMMON_BLOCKS = YES;
				GCC_WARN_64_TO_32_BIT_CONVERSION = YES;
				GCC_WARN_ABOUT_RETURN_TYPE = YES_ERROR;
				GCC_WARN_UNDECLARED_SELECTOR = YES;
				GCC_WARN_UNINITIALIZED_AUTOS = YES_AGGRESSIVE;
				GCC_WARN_UNUSED_FUNCTION = YES;
				GCC_WARN_UNUSED_VARIABLE = YES;
				IPHONEOS_DEPLOYMENT_TARGET = 13.2;
				MTL_ENABLE_DEBUG_INFO = NO;
				MTL_FAST_MATH = YES;
				SDKROOT = iphoneos;
				SWIFT_COMPILATION_MODE = wholemodule;
				SWIFT_OPTIMIZATION_LEVEL = "-O";
				VALIDATE_PRODUCT = YES;
			};
			name = Release;
		};
		0CB0289D239F401D00E36E41 /* Debug */ = {
			isa = XCBuildConfiguration;
			buildSettings = {
				ASSETCATALOG_COMPILER_APPICON_NAME = AppIcon;
				CODE_SIGN_STYLE = Automatic;
				DEVELOPMENT_TEAM = HHA5GS3CVN;
				INFOPLIST_FILE = ConcurrencyLab/Info.plist;
				LD_RUNPATH_SEARCH_PATHS = (
					"$(inherited)",
					"@executable_path/Frameworks",
				);
				PRODUCT_BUNDLE_IDENTIFIER = com.matthewramos.ConcurrencyLab;
				PRODUCT_NAME = "$(TARGET_NAME)";
				SWIFT_VERSION = 5.0;
				TARGETED_DEVICE_FAMILY = "1,2";
			};
			name = Debug;
		};
		0CB0289E239F401D00E36E41 /* Release */ = {
			isa = XCBuildConfiguration;
			buildSettings = {
				ASSETCATALOG_COMPILER_APPICON_NAME = AppIcon;
				CODE_SIGN_STYLE = Automatic;
				DEVELOPMENT_TEAM = HHA5GS3CVN;
				INFOPLIST_FILE = ConcurrencyLab/Info.plist;
				LD_RUNPATH_SEARCH_PATHS = (
					"$(inherited)",
					"@executable_path/Frameworks",
				);
				PRODUCT_BUNDLE_IDENTIFIER = com.matthewramos.ConcurrencyLab;
				PRODUCT_NAME = "$(TARGET_NAME)";
				SWIFT_VERSION = 5.0;
				TARGETED_DEVICE_FAMILY = "1,2";
			};
			name = Release;
		};
/* End XCBuildConfiguration section */

/* Begin XCConfigurationList section */
		0CB02883239F401800E36E41 /* Build configuration list for PBXProject "ConcurrencyLab" */ = {
			isa = XCConfigurationList;
			buildConfigurations = (
				0CB0289A239F401D00E36E41 /* Debug */,
				0CB0289B239F401D00E36E41 /* Release */,
			);
			defaultConfigurationIsVisible = 0;
			defaultConfigurationName = Release;
		};
		0CB0289C239F401D00E36E41 /* Build configuration list for PBXNativeTarget "ConcurrencyLab" */ = {
			isa = XCConfigurationList;
			buildConfigurations = (
				0CB0289D239F401D00E36E41 /* Debug */,
				0CB0289E239F401D00E36E41 /* Release */,
			);
			defaultConfigurationIsVisible = 0;
			defaultConfigurationName = Release;
		};
/* End XCConfigurationList section */
	};
	rootObject = 0CB02880239F401800E36E41 /* Project object */;
}
